<?xml version="1.0" encoding="utf-8"?>
<Project ToolsVersion="4.0" xmlns="http://schemas.microsoft.com/developer/msbuild/2003">
  <ItemGroup>
    <Filter Include="Source Files">
      <UniqueIdentifier>{4FC737F1-C7A5-4376-A066-2A32D752A2FF}</UniqueIdentifier>
      <Extensions>cpp;c;cc;cxx;c++;cppm;ixx;def;odl;idl;hpj;bat;asm;asmx</Extensions>
    </Filter>
    <Filter Include="Header Files">
      <UniqueIdentifier>{93995380-89BD-4b04-88EB-625FBE52EBFB}</UniqueIdentifier>
      <Extensions>h;hh;hpp;hxx;h++;hm;inl;inc;ipp;xsd</Extensions>
    </Filter>
    <Filter Include="Resource Files">
      <UniqueIdentifier>{67DA6AB6-F800-4c08-8B7A-83BB121AAD01}</UniqueIdentifier>
      <Extensions>rc;ico;cur;bmp;dlg;rc2;rct;bin;rgs;gif;jpg;jpeg;jpe;resx;tiff;tif;png;wav;mfcribbon-ms</Extensions>
    </Filter>
    <Filter Include="Source Files\Commands">
      <UniqueIdentifier>{ba8a4413-d042-4541-a28a-31d99927d708}</UniqueIdentifier>
    </Filter>
    <Filter Include="Header Files\Helpers">
      <UniqueIdentifier>{980554a6-12f1-41f5-af81-ff3ef055ff91}</UniqueIdentifier>
    </Filter>
    <Filter Include="Source Files\Helpers">
      <UniqueIdentifier>{30d9d9f0-e718-41b5-9be2-183d02f9f1e0}</UniqueIdentifier>
    </Filter>
    <Filter Include="Commands">
      <UniqueIdentifier>{669ed44e-ea25-4ef8-88b3-85e8db48c9a5}</UniqueIdentifier>
    </Filter>
    <Filter Include="Header Files\Commands">
      <UniqueIdentifier>{267c609a-4653-4d45-83a2-5d7138855701}</UniqueIdentifier>
    </Filter>
  </ItemGroup>
  <ItemGroup>
    <ClCompile Include="source\users\Admin.cpp">
      <Filter>Source Files</Filter>
    </ClCompile>
    <ClCompile Include="source\users\Student.cpp">
      <Filter>Source Files</Filter>
    </ClCompile>
    <ClCompile Include="source\users\Teacher.cpp">
      <Filter>Source Files</Filter>
    </ClCompile>
    <ClCompile Include="source\users\User.cpp">
      <Filter>Source Files</Filter>
    </ClCompile>
    <ClCompile Include="source\users\UserFactory.cpp">
      <Filter>Source Files</Filter>
    </ClCompile>
    <ClCompile Include="source\users\UserRepository.cpp">
      <Filter>Source Files</Filter>
    </ClCompile>
    <ClCompile Include="source\messages\Mailbox.cpp">
      <Filter>Source Files</Filter>
    </ClCompile>
    <ClCompile Include="source\messages\Message.cpp">
      <Filter>Source Files</Filter>
    </ClCompile>
    <ClCompile Include="source\messages\MessageTime.cpp">
      <Filter>Source Files</Filter>
    </ClCompile>
    <ClCompile Include="source\courses\Assignment.cpp">
      <Filter>Source Files</Filter>
    </ClCompile>
    <ClCompile Include="source\courses\Course.cpp">
      <Filter>Source Files</Filter>
    </ClCompile>
    <ClCompile Include="source\courses\Grade.cpp">
      <Filter>Source Files</Filter>
    </ClCompile>
    <ClCompile Include="source\courses\Submission.cpp">
      <Filter>Source Files</Filter>
    </ClCompile>
    <ClCompile Include="source\commands\AddStudentCommand.cpp">
      <Filter>Source Files</Filter>
    </ClCompile>
    <ClCompile Include="source\commands\AddTeacherCommand.cpp">
      <Filter>Source Files</Filter>
    </ClCompile>
    <ClCompile Include="source\commands\AddToCourseCommand.cpp">
      <Filter>Source Files</Filter>
    </ClCompile>
    <ClCompile Include="source\commands\AssignHomeworkCommand.cpp">
      <Filter>Source Files</Filter>
    </ClCompile>
    <ClCompile Include="source\commands\ClearMailboxCommand.cpp">
      <Filter>Source Files</Filter>
    </ClCompile>
    <ClCompile Include="source\commands\Command.cpp">
      <Filter>Source Files</Filter>
    </ClCompile>
    <ClCompile Include="source\commands\CreateCourseCommand.cpp">
      <Filter>Source Files</Filter>
    </ClCompile>
    <ClCompile Include="source\commands\EnrollCommand.cpp">
      <Filter>Source Files</Filter>
    </ClCompile>
    <ClCompile Include="source\commands\GradeAssignmentCommand.cpp">
      <Filter>Source Files</Filter>
    </ClCompile>
    <ClCompile Include="source\commands\LoginCommand.cpp">
      <Filter>Source Files</Filter>
    </ClCompile>
    <ClCompile Include="source\commands\LogoutCommand.cpp">
      <Filter>Source Files</Filter>
    </ClCompile>
    <ClCompile Include="source\commands\MailboxCommand.cpp">
      <Filter>Source Files</Filter>
    </ClCompile>
    <ClCompile Include="source\commands\MessageAllCommand.cpp">
      <Filter>Source Files</Filter>
    </ClCompile>
    <ClCompile Include="source\commands\SubmitAssignmentCommand.cpp">
      <Filter>Source Files</Filter>
    </ClCompile>
    <ClCompile Include="source\commands\ViewGradesCommand.cpp">
      <Filter>Source Files</Filter>
    </ClCompile>
    <ClCompile Include="source\commands\ViewSubmissionsCommand.cpp">
      <Filter>Source Files</Filter>
    </ClCompile>
    <ClCompile Include="source\Context.cpp">
      <Filter>Source Files</Filter>
    </ClCompile>
    <ClCompile Include="source\CourseSystem.cpp">
      <Filter>Source Files</Filter>
    </ClCompile>
    <ClCompile Include="source\MyString.cpp">
      <Filter>Source Files</Filter>
    </ClCompile>
    <ClCompile Include="source\Utils.cpp">
      <Filter>Source Files</Filter>
    </ClCompile>
    <ClCompile Include="source\commands\ChangePasswordCommand.cpp">
      <Filter>Source Files</Filter>
    </ClCompile>
    <ClCompile Include="source\commands\MessageStudentsCommand.cpp">
      <Filter>Source Files</Filter>
    </ClCompile>
    <ClCompile Include="source\commands\MessageUserCommand.cpp">
      <Filter>Source Files</Filter>
    </ClCompile>
    <ClCompile Include="source\commands\CommandFactory.cpp">
      <Filter>Source Files</Filter>
    </ClCompile>
    <ClCompile Include="source\commands\ViewAssignmentsCommand.cpp">
      <Filter>Source Files</Filter>
    </ClCompile>
  </ItemGroup>
  <ItemGroup>
    <ClInclude Include="headers\Constants.h">
      <Filter>Header Files</Filter>
    </ClInclude>
    <ClInclude Include="headers\Context.h">
      <Filter>Header Files</Filter>
    </ClInclude>
    <ClInclude Include="headers\MyString.h">
      <Filter>Header Files</Filter>
    </ClInclude>
    <ClInclude Include="headers\Utils.h">
      <Filter>Header Files</Filter>
    </ClInclude>
    <ClInclude Include="headers\users\Admin.h">
      <Filter>Header Files</Filter>
    </ClInclude>
    <ClInclude Include="headers\users\Student.h">
      <Filter>Header Files</Filter>
    </ClInclude>
    <ClInclude Include="headers\users\Teacher.h">
      <Filter>Header Files</Filter>
    </ClInclude>
    <ClInclude Include="headers\users\User.h">
      <Filter>Header Files</Filter>
    </ClInclude>
    <ClInclude Include="headers\users\UserFactory.h">
      <Filter>Header Files</Filter>
    </ClInclude>
    <ClInclude Include="headers\users\UserRepository.h">
      <Filter>Header Files</Filter>
    </ClInclude>
    <ClInclude Include="headers\messages\Mailbox.h">
      <Filter>Header Files</Filter>
    </ClInclude>
    <ClInclude Include="headers\messages\Message.h">
      <Filter>Header Files</Filter>
    </ClInclude>
    <ClInclude Include="headers\messages\MessageTime.h">
      <Filter>Header Files</Filter>
    </ClInclude>
    <ClInclude Include="headers\courses\Assignment.h">
      <Filter>Header Files</Filter>
    </ClInclude>
    <ClInclude Include="headers\courses\Course.h">
      <Filter>Header Files</Filter>
    </ClInclude>
    <ClInclude Include="headers\courses\Grade.h">
      <Filter>Header Files</Filter>
    </ClInclude>
    <ClInclude Include="headers\courses\Submission.h">
      <Filter>Header Files</Filter>
    </ClInclude>
    <ClInclude Include="headers\command\AddStudentCommand.h">
      <Filter>Header Files</Filter>
    </ClInclude>
    <ClInclude Include="headers\command\AddTeacherCommand.h">
      <Filter>Header Files</Filter>
    </ClInclude>
    <ClInclude Include="headers\command\AddToCourseCommand.h">
      <Filter>Header Files</Filter>
    </ClInclude>
    <ClInclude Include="headers\command\AssignHomeworkCommand.h">
      <Filter>Header Files</Filter>
    </ClInclude>
    <ClInclude Include="headers\command\ClearMailboxCommand.h">
      <Filter>Header Files</Filter>
    </ClInclude>
    <ClInclude Include="headers\command\Command.h">
      <Filter>Header Files</Filter>
    </ClInclude>
    <ClInclude Include="headers\command\CreateCourseCommand.h">
      <Filter>Header Files</Filter>
    </ClInclude>
    <ClInclude Include="headers\command\EnrollCommand.h">
      <Filter>Header Files</Filter>
    </ClInclude>
    <ClInclude Include="headers\command\GradeAssignmentCommand.h">
      <Filter>Header Files</Filter>
    </ClInclude>
    <ClInclude Include="headers\command\LoginCommand.h">
      <Filter>Header Files</Filter>
    </ClInclude>
    <ClInclude Include="headers\command\LogoutCommand.h">
      <Filter>Header Files</Filter>
    </ClInclude>
    <ClInclude Include="headers\command\MailboxCommand.h">
      <Filter>Header Files</Filter>
    </ClInclude>
    <ClInclude Include="headers\command\MessageAllCommand.h">
      <Filter>Header Files</Filter>
    </ClInclude>
    <ClInclude Include="headers\command\SubmitAssignmentCommand.h">
      <Filter>Header Files</Filter>
    </ClInclude>
    <ClInclude Include="headers\command\ViewGradesCommand.h">
      <Filter>Header Files</Filter>
    </ClInclude>
    <ClInclude Include="headers\command\ViewSubmissionsCommand.h">
      <Filter>Header Files</Filter>
    </ClInclude>
    <ClInclude Include="headers\command\ChangePasswordCommand.h">
      <Filter>Header Files</Filter>
    </ClInclude>
    <ClInclude Include="headers\command\CommandFactory.h">
      <Filter>Header Files</Filter>
    </ClInclude>
    <ClInclude Include="headers\command\MessageStudentsCommand.h">
      <Filter>Header Files</Filter>
    </ClInclude>
    <ClInclude Include="headers\command\MessageUserCommand.h">
      <Filter>Header Files</Filter>
    </ClInclude>
    <ClInclude Include="headers\Vector.hpp">
      <Filter>Header Files</Filter>
    </ClInclude>
    <ClInclude Include="headers\command\ViewAssignmentsCommand.h">
      <Filter>Header Files</Filter>
    </ClInclude>
  </ItemGroup>
</Project>